
Microsoft Visual Studio Solution File, Format Version 12.00
# Visual Studio Version 17
VisualStudioVersion = 17.5.002.0
MinimumVisualStudioVersion = 10.0.40219.1
Project("{9A19103F-16F7-4668-BE54-9A1E7A4F7556}") = "ControleVendas", "ControleVendas.csproj", "{63527E27-2CAA-4F94-BB00-CF9C77C16979}"
EndProject
Global
	GlobalSection(SolutionConfigurationPlatforms) = preSolution
		Debug|Any CPU = Debug|Any CPU
		Release|Any CPU = Release|Any CPU
	EndGlobalSection
	GlobalSection(ProjectConfigurationPlatforms) = postSolution
		{63527E27-2CAA-4F94-BB00-CF9C77C16979}.Debug|Any CPU.ActiveCfg = Debug|Any CPU
		{63527E27-2CAA-4F94-BB00-CF9C77C16979}.Debug|Any CPU.Build.0 = Debug|Any CPU
		{63527E27-2CAA-4F94-BB00-CF9C77C16979}.Release|Any CPU.ActiveCfg = Release|Any CPU
		{63527E27-2CAA-4F94-BB00-CF9C77C16979}.Release|Any CPU.Build.0 = Release|Any CPU
	EndGlobalSection
	GlobalSection(SolutionProperties) = preSolution
		HideSolutionNode = FALSE
	EndGlobalSection
	GlobalSection(ExtensibilityGlobals) = postSolution
		SolutionGuid = {F90AAB53-2F7C-44DA-B2F8-B9FDDD6EC6DB}
	EndGlobalSection
EndGlobal
